
Microsoft Visual Studio Solution File, Format Version 12.00
# Visual Studio 15
VisualStudioVersion = 15.0.26403.3
MinimumVisualStudioVersion = 10.0.40219.1
Project("{9A19103F-16F7-4668-BE54-9A1E7A4F7556}") = "Microsoft.Extensions.HealthChecks", "..\BuildingBlocks\HealthChecks\src\Microsoft.Extensions.HealthChecks\Microsoft.Extensions.HealthChecks.csproj", "{A0145426-50DF-4B07-B967-A028D9E471CA}"
EndProject
Project("{9A19103F-16F7-4668-BE54-9A1E7A4F7556}") = "ProductAPI", "..\Services\ProductAPI\ProductAPI.csproj", "{88A63CBD-9BCD-45FA-9B33-4B9E9FF9B97F}"
EndProject
Project("{9A19103F-16F7-4668-BE54-9A1E7A4F7556}") = "Microsoft.Extensions.HealthChecks.SqlServer", "..\BuildingBlocks\HealthChecks\src\Microsoft.Extensions.HealthChecks.SqlServer\Microsoft.Extensions.HealthChecks.SqlServer.csproj", "{61811957-7FF8-4FCD-95A9-F28EAB8663DC}"
EndProject
Project("{2150E333-8FDC-42A3-9474-1A3956D46DE8}") = "BuildingBlocks", "BuildingBlocks", "{3FFA026F-E6AD-4C54-AA2F-F543AC94E919}"
EndProject
Project("{FAE04EC0-301F-11D3-BF4B-00C04F79EFBC}") = "IntegrationEventLogEF", "..\BuildingBlocks\EventBus\IntegrationEventLogEF\IntegrationEventLogEF.csproj", "{55EB7DBD-9611-4201-A47F-5EE236134A2A}"
EndProject
Project("{FAE04EC0-301F-11D3-BF4B-00C04F79EFBC}") = "EventBus", "..\BuildingBlocks\EventBus\EventBus\EventBus.csproj", "{ECD98885-4C00-4E22-9237-26247487CC5F}"
EndProject
Project("{FAE04EC0-301F-11D3-BF4B-00C04F79EFBC}") = "EventBusRabbitMQ", "..\EventBusRabbitMQ\EventBusRabbitMQ.csproj", "{78052702-1C47-4432-B915-35C570BD7436}"
EndProject
Project("{E53339B2-1760-4266-BCC7-CA923CBCF16C}") = "docker-compose", "docker-compose.dcproj", "{B6E3D888-0B2B-499F-A827-DE305FE2C497}"
EndProject
Project("{2150E333-8FDC-42A3-9474-1A3956D46DE8}") = "Services", "Services", "{FF6A934A-D69C-400A-98EF-10B33DDD45A0}"
EndProject
Project("{FAE04EC0-301F-11D3-BF4B-00C04F79EFBC}") = "OrderingAPI", "..\OrderingAPI\OrderingAPI.csproj", "{6483783F-B1B6-499C-BF16-FE5431A8F780}"
EndProject
Project("{2150E333-8FDC-42A3-9474-1A3956D46DE8}") = "Ordering", "Ordering", "{8AA4988D-9451-459E-B152-BB9258F5C054}"
EndProject
Project("{2150E333-8FDC-42A3-9474-1A3956D46DE8}") = "Product", "Product", "{193F7497-57C5-4D4F-B1AB-DF29AE96B42E}"
EndProject
Project("{2150E333-8FDC-42A3-9474-1A3956D46DE8}") = "Carrier", "Carrier", "{DA88733F-13A1-4DFA-BB9A-9DEE085ECE05}"
EndProject
Project("{2150E333-8FDC-42A3-9474-1A3956D46DE8}") = "Warehouse", "Warehouse", "{1CB1C0DE-25E8-4A1C-9448-5C626FE7E5B9}"
EndProject
Project("{FAE04EC0-301F-11D3-BF4B-00C04F79EFBC}") = "Ordering.Domain", "..\Ordering.Domain\Ordering.Domain.csproj", "{47D00035-ED37-4E5C-8879-8E40DE7FD765}"
EndProject
Project("{FAE04EC0-301F-11D3-BF4B-00C04F79EFBC}") = "Ordering.Infrastructure", "Ordering.Infrastructure\Ordering.Infrastructure.csproj", "{FA93B21D-1D91-4317-BCF0-0BF8B9A0058B}"
EndProject
Project("{2150E333-8FDC-42A3-9474-1A3956D46DE8}") = "Inventory", "Inventory", "{4297C48F-CF2D-4EC4-B845-157A1DCAF58B}"
EndProject
Global
	GlobalSection(SolutionConfigurationPlatforms) = preSolution
		Debug|Any CPU = Debug|Any CPU
		Release|Any CPU = Release|Any CPU
	EndGlobalSection
	GlobalSection(ProjectConfigurationPlatforms) = postSolution
		{A0145426-50DF-4B07-B967-A028D9E471CA}.Debug|Any CPU.ActiveCfg = Debug|Any CPU
		{A0145426-50DF-4B07-B967-A028D9E471CA}.Debug|Any CPU.Build.0 = Debug|Any CPU
		{A0145426-50DF-4B07-B967-A028D9E471CA}.Release|Any CPU.ActiveCfg = Release|Any CPU
		{A0145426-50DF-4B07-B967-A028D9E471CA}.Release|Any CPU.Build.0 = Release|Any CPU
		{88A63CBD-9BCD-45FA-9B33-4B9E9FF9B97F}.Debug|Any CPU.ActiveCfg = Debug|Any CPU
		{88A63CBD-9BCD-45FA-9B33-4B9E9FF9B97F}.Debug|Any CPU.Build.0 = Debug|Any CPU
		{88A63CBD-9BCD-45FA-9B33-4B9E9FF9B97F}.Release|Any CPU.ActiveCfg = Release|Any CPU
		{88A63CBD-9BCD-45FA-9B33-4B9E9FF9B97F}.Release|Any CPU.Build.0 = Release|Any CPU
		{61811957-7FF8-4FCD-95A9-F28EAB8663DC}.Debug|Any CPU.ActiveCfg = Debug|Any CPU
		{61811957-7FF8-4FCD-95A9-F28EAB8663DC}.Debug|Any CPU.Build.0 = Debug|Any CPU
		{61811957-7FF8-4FCD-95A9-F28EAB8663DC}.Release|Any CPU.ActiveCfg = Release|Any CPU
		{61811957-7FF8-4FCD-95A9-F28EAB8663DC}.Release|Any CPU.Build.0 = Release|Any CPU
		{55EB7DBD-9611-4201-A47F-5EE236134A2A}.Debug|Any CPU.ActiveCfg = Debug|Any CPU
		{55EB7DBD-9611-4201-A47F-5EE236134A2A}.Debug|Any CPU.Build.0 = Debug|Any CPU
		{55EB7DBD-9611-4201-A47F-5EE236134A2A}.Release|Any CPU.ActiveCfg = Release|Any CPU
		{55EB7DBD-9611-4201-A47F-5EE236134A2A}.Release|Any CPU.Build.0 = Release|Any CPU
		{ECD98885-4C00-4E22-9237-26247487CC5F}.Debug|Any CPU.ActiveCfg = Debug|Any CPU
		{ECD98885-4C00-4E22-9237-26247487CC5F}.Debug|Any CPU.Build.0 = Debug|Any CPU
		{ECD98885-4C00-4E22-9237-26247487CC5F}.Release|Any CPU.ActiveCfg = Release|Any CPU
		{ECD98885-4C00-4E22-9237-26247487CC5F}.Release|Any CPU.Build.0 = Release|Any CPU
		{78052702-1C47-4432-B915-35C570BD7436}.Debug|Any CPU.ActiveCfg = Debug|Any CPU
		{78052702-1C47-4432-B915-35C570BD7436}.Debug|Any CPU.Build.0 = Debug|Any CPU
		{78052702-1C47-4432-B915-35C570BD7436}.Release|Any CPU.ActiveCfg = Release|Any CPU
		{78052702-1C47-4432-B915-35C570BD7436}.Release|Any CPU.Build.0 = Release|Any CPU
		{B6E3D888-0B2B-499F-A827-DE305FE2C497}.Debug|Any CPU.ActiveCfg = Debug|Any CPU
		{B6E3D888-0B2B-499F-A827-DE305FE2C497}.Debug|Any CPU.Build.0 = Debug|Any CPU
		{B6E3D888-0B2B-499F-A827-DE305FE2C497}.Release|Any CPU.ActiveCfg = Release|Any CPU
		{B6E3D888-0B2B-499F-A827-DE305FE2C497}.Release|Any CPU.Build.0 = Release|Any CPU
		{6483783F-B1B6-499C-BF16-FE5431A8F780}.Debug|Any CPU.ActiveCfg = Debug|Any CPU
		{6483783F-B1B6-499C-BF16-FE5431A8F780}.Debug|Any CPU.Build.0 = Debug|Any CPU
		{6483783F-B1B6-499C-BF16-FE5431A8F780}.Release|Any CPU.ActiveCfg = Release|Any CPU
		{6483783F-B1B6-499C-BF16-FE5431A8F780}.Release|Any CPU.Build.0 = Release|Any CPU
		{47D00035-ED37-4E5C-8879-8E40DE7FD765}.Debug|Any CPU.ActiveCfg = Debug|Any CPU
		{47D00035-ED37-4E5C-8879-8E40DE7FD765}.Debug|Any CPU.Build.0 = Debug|Any CPU
		{47D00035-ED37-4E5C-8879-8E40DE7FD765}.Release|Any CPU.ActiveCfg = Release|Any CPU
		{47D00035-ED37-4E5C-8879-8E40DE7FD765}.Release|Any CPU.Build.0 = Release|Any CPU
		{FA93B21D-1D91-4317-BCF0-0BF8B9A0058B}.Debug|Any CPU.ActiveCfg = Debug|Any CPU
		{FA93B21D-1D91-4317-BCF0-0BF8B9A0058B}.Debug|Any CPU.Build.0 = Debug|Any CPU
		{FA93B21D-1D91-4317-BCF0-0BF8B9A0058B}.Release|Any CPU.ActiveCfg = Release|Any CPU
		{FA93B21D-1D91-4317-BCF0-0BF8B9A0058B}.Release|Any CPU.Build.0 = Release|Any CPU
	EndGlobalSection
	GlobalSection(SolutionProperties) = preSolution
		HideSolutionNode = FALSE
	EndGlobalSection
	GlobalSection(NestedProjects) = preSolution
		{A0145426-50DF-4B07-B967-A028D9E471CA} = {3FFA026F-E6AD-4C54-AA2F-F543AC94E919}
		{88A63CBD-9BCD-45FA-9B33-4B9E9FF9B97F} = {193F7497-57C5-4D4F-B1AB-DF29AE96B42E}
		{61811957-7FF8-4FCD-95A9-F28EAB8663DC} = {3FFA026F-E6AD-4C54-AA2F-F543AC94E919}
		{55EB7DBD-9611-4201-A47F-5EE236134A2A} = {3FFA026F-E6AD-4C54-AA2F-F543AC94E919}
		{ECD98885-4C00-4E22-9237-26247487CC5F} = {3FFA026F-E6AD-4C54-AA2F-F543AC94E919}
		{78052702-1C47-4432-B915-35C570BD7436} = {3FFA026F-E6AD-4C54-AA2F-F543AC94E919}
		{6483783F-B1B6-499C-BF16-FE5431A8F780} = {8AA4988D-9451-459E-B152-BB9258F5C054}
		{8AA4988D-9451-459E-B152-BB9258F5C054} = {FF6A934A-D69C-400A-98EF-10B33DDD45A0}
		{193F7497-57C5-4D4F-B1AB-DF29AE96B42E} = {FF6A934A-D69C-400A-98EF-10B33DDD45A0}
		{DA88733F-13A1-4DFA-BB9A-9DEE085ECE05} = {FF6A934A-D69C-400A-98EF-10B33DDD45A0}
		{1CB1C0DE-25E8-4A1C-9448-5C626FE7E5B9} = {FF6A934A-D69C-400A-98EF-10B33DDD45A0}
		{47D00035-ED37-4E5C-8879-8E40DE7FD765} = {8AA4988D-9451-459E-B152-BB9258F5C054}
		{FA93B21D-1D91-4317-BCF0-0BF8B9A0058B} = {8AA4988D-9451-459E-B152-BB9258F5C054}
		{4297C48F-CF2D-4EC4-B845-157A1DCAF58B} = {FF6A934A-D69C-400A-98EF-10B33DDD45A0}
	EndGlobalSection
EndGlobal
